
Microsoft Visual Studio Solution File, Format Version 12.00
# Visual Studio Version 17
VisualStudioVersion = 17.8.34525.116
MinimumVisualStudioVersion = 10.0.40219.1
Project("{FAE04EC0-301F-11D3-BF4B-00C04F79EFBC}") = "MusonSnapshotStream", "MusonSnapshotStream\MusonSnapshotStream.csproj", "{AA0475B6-A9C9-4038-B220-3CB7F3D8AF2D}"
EndProject
Global
	GlobalSection(SolutionConfigurationPlatforms) = preSolution
		Debug|Any CPU = Debug|Any CPU
		Release|Any CPU = Release|Any CPU
	EndGlobalSection
	GlobalSection(ProjectConfigurationPlatforms) = postSolution
		{AA0475B6-A9C9-4038-B220-3CB7F3D8AF2D}.Debug|Any CPU.ActiveCfg = Debug|Any CPU
		{AA0475B6-A9C9-4038-B220-3CB7F3D8AF2D}.Debug|Any CPU.Build.0 = Debug|Any CPU
		{AA0475B6-A9C9-4038-B220-3CB7F3D8AF2D}.Release|Any CPU.ActiveCfg = Release|Any CPU
		{AA0475B6-A9C9-4038-B220-3CB7F3D8AF2D}.Release|Any CPU.Build.0 = Release|Any CPU
	EndGlobalSection
	GlobalSection(SolutionProperties) = preSolution
		HideSolutionNode = FALSE
	EndGlobalSection
	GlobalSection(ExtensibilityGlobals) = postSolution
		SolutionGuid = {D5E0ABD7-C841-4E76-8D89-6F0F464395AD}
	EndGlobalSection
EndGlobal
